
Microsoft Visual Studio Solution File, Format Version 12.00
# Visual Studio Version 16
VisualStudioVersion = 16.0.30114.105
MinimumVisualStudioVersion = 10.0.40219.1
Project("{FAE04EC0-301F-11D3-BF4B-00C04F79EFBC}") = "PolicyApi", "PolicyApi\PolicyApi.csproj", "{E314E1C5-DDA7-4EF7-B9F4-3FD67428452D}"
EndProject
Project("{FAE04EC0-301F-11D3-BF4B-00C04F79EFBC}") = "PolicyApiTest", "PolicyApiTest\PolicyApiTest.csproj", "{4CFC37D6-533E-49A0-B25C-45630CA3D377}"
EndProject
Global
	GlobalSection(SolutionConfigurationPlatforms) = preSolution
		Debug|Any CPU = Debug|Any CPU
		Debug|x64 = Debug|x64
		Debug|x86 = Debug|x86
		Release|Any CPU = Release|Any CPU
		Release|x64 = Release|x64
		Release|x86 = Release|x86
	EndGlobalSection
	GlobalSection(SolutionProperties) = preSolution
		HideSolutionNode = FALSE
	EndGlobalSection
	GlobalSection(ProjectConfigurationPlatforms) = postSolution
		{E314E1C5-DDA7-4EF7-B9F4-3FD67428452D}.Debug|Any CPU.ActiveCfg = Debug|Any CPU
		{E314E1C5-DDA7-4EF7-B9F4-3FD67428452D}.Debug|Any CPU.Build.0 = Debug|Any CPU
		{E314E1C5-DDA7-4EF7-B9F4-3FD67428452D}.Debug|x64.ActiveCfg = Debug|Any CPU
		{E314E1C5-DDA7-4EF7-B9F4-3FD67428452D}.Debug|x64.Build.0 = Debug|Any CPU
		{E314E1C5-DDA7-4EF7-B9F4-3FD67428452D}.Debug|x86.ActiveCfg = Debug|Any CPU
		{E314E1C5-DDA7-4EF7-B9F4-3FD67428452D}.Debug|x86.Build.0 = Debug|Any CPU
		{E314E1C5-DDA7-4EF7-B9F4-3FD67428452D}.Release|Any CPU.ActiveCfg = Release|Any CPU
		{E314E1C5-DDA7-4EF7-B9F4-3FD67428452D}.Release|Any CPU.Build.0 = Release|Any CPU
		{E314E1C5-DDA7-4EF7-B9F4-3FD67428452D}.Release|x64.ActiveCfg = Release|Any CPU
		{E314E1C5-DDA7-4EF7-B9F4-3FD67428452D}.Release|x64.Build.0 = Release|Any CPU
		{E314E1C5-DDA7-4EF7-B9F4-3FD67428452D}.Release|x86.ActiveCfg = Release|Any CPU
		{E314E1C5-DDA7-4EF7-B9F4-3FD67428452D}.Release|x86.Build.0 = Release|Any CPU
		{4CFC37D6-533E-49A0-B25C-45630CA3D377}.Debug|Any CPU.ActiveCfg = Debug|Any CPU
		{4CFC37D6-533E-49A0-B25C-45630CA3D377}.Debug|Any CPU.Build.0 = Debug|Any CPU
		{4CFC37D6-533E-49A0-B25C-45630CA3D377}.Debug|x64.ActiveCfg = Debug|Any CPU
		{4CFC37D6-533E-49A0-B25C-45630CA3D377}.Debug|x64.Build.0 = Debug|Any CPU
		{4CFC37D6-533E-49A0-B25C-45630CA3D377}.Debug|x86.ActiveCfg = Debug|Any CPU
		{4CFC37D6-533E-49A0-B25C-45630CA3D377}.Debug|x86.Build.0 = Debug|Any CPU
		{4CFC37D6-533E-49A0-B25C-45630CA3D377}.Release|Any CPU.ActiveCfg = Release|Any CPU
		{4CFC37D6-533E-49A0-B25C-45630CA3D377}.Release|Any CPU.Build.0 = Release|Any CPU
		{4CFC37D6-533E-49A0-B25C-45630CA3D377}.Release|x64.ActiveCfg = Release|Any CPU
		{4CFC37D6-533E-49A0-B25C-45630CA3D377}.Release|x64.Build.0 = Release|Any CPU
		{4CFC37D6-533E-49A0-B25C-45630CA3D377}.Release|x86.ActiveCfg = Release|Any CPU
		{4CFC37D6-533E-49A0-B25C-45630CA3D377}.Release|x86.Build.0 = Release|Any CPU
	EndGlobalSection
EndGlobal
